
Microsoft Visual Studio Solution File, Format Version 12.00
# Visual Studio Version 17
VisualStudioVersion = 17.3.32819.101
MinimumVisualStudioVersion = 10.0.40219.1
Project("{FAE04EC0-301F-11D3-BF4B-00C04F79EFBC}") = "WindowsFormsApp1", "WindowsFormsApp1.csproj", "{0062C4A4-832C-4D2E-85DD-A90AA97C0C69}"
EndProject
Global
	GlobalSection(SolutionConfigurationPlatforms) = preSolution
		Debug|Any CPU = Debug|Any CPU
		Release|Any CPU = Release|Any CPU
	EndGlobalSection
	GlobalSection(ProjectConfigurationPlatforms) = postSolution
		{0062C4A4-832C-4D2E-85DD-A90AA97C0C69}.Debug|Any CPU.ActiveCfg = Debug|Any CPU
		{0062C4A4-832C-4D2E-85DD-A90AA97C0C69}.Debug|Any CPU.Build.0 = Debug|Any CPU
		{0062C4A4-832C-4D2E-85DD-A90AA97C0C69}.Release|Any CPU.ActiveCfg = Release|Any CPU
		{0062C4A4-832C-4D2E-85DD-A90AA97C0C69}.Release|Any CPU.Build.0 = Release|Any CPU
	EndGlobalSection
	GlobalSection(SolutionProperties) = preSolution
		HideSolutionNode = FALSE
	EndGlobalSection
	GlobalSection(ExtensibilityGlobals) = postSolution
		SolutionGuid = {9833DBDA-D43E-4172-BDF2-9FD73A5CDFA9}
	EndGlobalSection
EndGlobal
